{
    "_readme": [
        "This file locks the dependencies of your project to a known state",
        "Read more about it at https://getcomposer.org/doc/01-basic-usage.md#installing-dependencies",
        "This file is @generated automatically"
    ],
    "content-hash": "483baa3c403864d0f7c32fb264e8764e",
    "packages": [
        {
            "name": "psr/http-message",
            "version": "2.0",
            "source": {
                "type": "git",
                "url": "https://github.com/php-fig/http-message.git",
                "reference": "402d35bcb92c70c026d1a6a9883f06b2ead23d71"
            },
            "dist": {
                "type": "zip",
                "url": "https://api.github.com/repos/php-fig/http-message/zipball/402d35bcb92c70c026d1a6a9883f06b2ead23d71",
                "reference": "402d35bcb92c70c026d1a6a9883f06b2ead23d71",
                "shasum": "",
                "mirrors": [
                    {
                        "url": "https://mirrors.aliyun.com/composer/dists/%package%/%reference%.%type%",
                        "preferred": true
                    }
                ]
            },
            "require": {
                "php": "^7.2 || ^8.0"
            },
            "type": "library",
            "extra": {
                "branch-alias": {
                    "dev-master": "2.0.x-dev"
                }
            },
            "autoload": {
                "psr-4": {
                    "Psr\\Http\\Message\\": "src/"
                }
            },
            "notification-url": "https://packagist.org/downloads/",
            "license": [
                "MIT"
            ],
            "authors": [
                {
                    "name": "PHP-FIG",
                    "homepage": "https://www.php-fig.org/"
                }
            ],
            "description": "Common interface for HTTP messages",
            "homepage": "https://github.com/php-fig/http-message",
            "keywords": [
                "http",
                "http-message",
                "psr",
                "psr-7",
                "request",
                "response"
            ],
            "support": {
                "source": "https://github.com/php-fig/http-message/tree/2.0"
            },
            "time": "2023-04-04T09:54:51+00:00"
        },
        {
            "name": "webman/openai",
            "version": "v1.0.6",
            "source": {
                "type": "git",
                "url": "https://github.com/webman-php/openai.git",
                "reference": "fe82510d512fa502a3df826edeb4a129919bca0d"
            },
            "dist": {
                "type": "zip",
                "url": "https://api.github.com/repos/webman-php/openai/zipball/fe82510d512fa502a3df826edeb4a129919bca0d",
                "reference": "fe82510d512fa502a3df826edeb4a129919bca0d",
                "shasum": "",
                "mirrors": [
                    {
                        "url": "https://mirrors.aliyun.com/composer/dists/%package%/%reference%.%type%",
                        "preferred": true
                    }
                ]
            },
            "require": {
                "php": ">=7.2.0",
                "workerman/http-client": "^v2.1.1",
                "workerman/workerman": ">=v4.1.11"
            },
            "type": "library",
            "autoload": {
                "psr-4": {
                    "Webman\\Openai\\": "src"
                }
            },
            "notification-url": "https://packagist.org/downloads/",
            "license": [
                "MIT"
            ],
            "description": "OpenAI client for webman or workerman",
            "support": {
                "issues": "https://github.com/webman-php/openai/issues",
                "source": "https://github.com/webman-php/openai/tree/v1.0.6"
            },
            "time": "2024-03-26T14:57:10+00:00"
        },
        {
            "name": "workerman/http-client",
            "version": "v2.1.2",
            "source": {
                "type": "git",
                "url": "https://github.com/walkor/http-client.git",
                "reference": "eb4acf83b84f210e2546e2b7e3f3c1ad5792e6f0"
            },
            "dist": {
                "type": "zip",
                "url": "https://api.github.com/repos/walkor/http-client/zipball/eb4acf83b84f210e2546e2b7e3f3c1ad5792e6f0",
                "reference": "eb4acf83b84f210e2546e2b7e3f3c1ad5792e6f0",
                "shasum": "",
                "mirrors": [
                    {
                        "url": "https://mirrors.aliyun.com/composer/dists/%package%/%reference%.%type%",
                        "preferred": true
                    }
                ]
            },
            "require": {
                "workerman/psr7": ">=1.4.3",
                "workerman/workerman": "^4.1.0||^5.0.0"
            },
            "type": "library",
            "autoload": {
                "psr-4": {
                    "Workerman\\Http\\": "./src"
                }
            },
            "notification-url": "https://packagist.org/downloads/",
            "license": [
                "MIT"
            ],
            "homepage": "http://www.workerman.net",
            "support": {
                "issues": "https://github.com/walkor/http-client/issues",
                "source": "https://github.com/walkor/http-client/tree/v2.1.2"
            },
            "time": "2024-03-07T09:18:12+00:00"
        },
        {
            "name": "workerman/psr7",
            "version": "v2.0.0",
            "source": {
                "type": "git",
                "url": "https://github.com/walkor/psr7.git",
                "reference": "0e03b4906c349ba55b393f395c53ddfa34f9cd4d"
            },
            "dist": {
                "type": "zip",
                "url": "https://api.github.com/repos/walkor/psr7/zipball/0e03b4906c349ba55b393f395c53ddfa34f9cd4d",
                "reference": "0e03b4906c349ba55b393f395c53ddfa34f9cd4d",
                "shasum": "",
                "mirrors": [
                    {
                        "url": "https://mirrors.aliyun.com/composer/dists/%package%/%reference%.%type%",
                        "preferred": true
                    }
                ]
            },
            "require": {
                "php": ">=7.2.0",
                "psr/http-message": "~2.0"
            },
            "provide": {
                "psr/http-message-implementation": "1.0"
            },
            "require-dev": {
                "phpunit/phpunit": "~4.0"
            },
            "type": "library",
            "autoload": {
                "files": [
                    "src/functions_include.php"
                ],
                "psr-4": {
                    "Workerman\\Psr7\\": "src/"
                }
            },
            "notification-url": "https://packagist.org/downloads/",
            "license": [
                "MIT"
            ],
            "authors": [
                {
                    "name": "Michael Dowling",
                    "email": "mtdowling@gmail.com",
                    "homepage": "https://github.com/mtdowling"
                },
                {
                    "name": "Tobias Schultze",
                    "homepage": "https://github.com/Tobion"
                }
            ],
            "description": "PSR-7 message implementation that also provides common utility methods",
            "keywords": [
                "http",
                "message",
                "request",
                "response",
                "stream",
                "uri",
                "url"
            ],
            "support": {
                "source": "https://github.com/walkor/psr7/tree/v2.0.0"
            },
            "time": "2024-03-16T12:21:58+00:00"
        },
        {
            "name": "workerman/workerman",
            "version": "v4.1.15",
            "source": {
                "type": "git",
                "url": "https://github.com/walkor/workerman.git",
                "reference": "afc8242fc769ab7cf22eb4ac22b97cb59d465e4e"
            },
            "dist": {
                "type": "zip",
                "url": "https://api.github.com/repos/walkor/workerman/zipball/afc8242fc769ab7cf22eb4ac22b97cb59d465e4e",
                "reference": "afc8242fc769ab7cf22eb4ac22b97cb59d465e4e",
                "shasum": "",
                "mirrors": [
                    {
                        "url": "https://mirrors.aliyun.com/composer/dists/%package%/%reference%.%type%",
                        "preferred": true
                    }
                ]
            },
            "require": {
                "php": ">=7.0"
            },
            "suggest": {
                "ext-event": "For better performance. "
            },
            "type": "library",
            "autoload": {
                "psr-4": {
                    "Workerman\\": "./"
                }
            },
            "notification-url": "https://packagist.org/downloads/",
            "license": [
                "MIT"
            ],
            "authors": [
                {
                    "name": "walkor",
                    "email": "walkor@workerman.net",
                    "homepage": "http://www.workerman.net",
                    "role": "Developer"
                }
            ],
            "description": "An asynchronous event driven PHP framework for easily building fast, scalable network applications.",
            "homepage": "http://www.workerman.net",
            "keywords": [
                "asynchronous",
                "event-loop"
            ],
            "support": {
                "email": "walkor@workerman.net",
                "forum": "http://wenda.workerman.net/",
                "issues": "https://github.com/walkor/workerman/issues",
                "source": "https://github.com/walkor/workerman",
                "wiki": "http://doc.workerman.net/"
            },
            "funding": [
                {
                    "url": "https://opencollective.com/workerman",
                    "type": "open_collective"
                },
                {
                    "url": "https://www.patreon.com/walkor",
                    "type": "patreon"
                }
            ],
            "time": "2024-02-19T02:10:39+00:00"
        }
    ],
    "packages-dev": [],
    "aliases": [],
    "minimum-stability": "stable",
    "stability-flags": [],
    "prefer-stable": false,
    "prefer-lowest": false,
    "platform": {
        "ext-json": "*"
    },
    "platform-dev": [],
    "plugin-api-version": "2.3.0"
}
